
Microsoft Visual Studio Solution File, Format Version 12.00
# Visual Studio 15
VisualStudioVersion = 15.0.27428.2037
MinimumVisualStudioVersion = 10.0.40219.1
Project("{FAE04EC0-301F-11D3-BF4B-00C04F79EFBC}") = "SBD.MassTransit.POC.Publisher", "SBD.MassTransit.POC.Publisher\SBD.MassTransit.POC.Publisher.csproj", "{030883CC-9D0C-482D-BC9A-F0203C792EB2}"
EndProject
Project("{FAE04EC0-301F-11D3-BF4B-00C04F79EFBC}") = "SBD.MassTransit.POC.Messages", "SBD.MassTransit.POC.Messages\SBD.MassTransit.POC.Messages.csproj", "{6C51CDA4-BBAC-4808-91E4-6CDF5012FAAA}"
EndProject
Project("{FAE04EC0-301F-11D3-BF4B-00C04F79EFBC}") = "SBD.MassTransit.POC.Integration", "SBD.MassTransist.POC.Intergration\SBD.MassTransit.POC.Integration.csproj", "{A8282289-0F90-449A-995C-CDBAF8E704D3}"
EndProject
Project("{FAE04EC0-301F-11D3-BF4B-00C04F79EFBC}") = "SBD.MassTransit.POC.Publisher.Tests", "SBD.MassTransit.POC.Publisher.Tests\SBD.MassTransit.POC.Publisher.Tests.csproj", "{A8F7C77A-6B53-4B17-B8BB-338A50F88630}"
EndProject
Global
	GlobalSection(SolutionConfigurationPlatforms) = preSolution
		Debug|Any CPU = Debug|Any CPU
		Release|Any CPU = Release|Any CPU
	EndGlobalSection
	GlobalSection(ProjectConfigurationPlatforms) = postSolution
		{030883CC-9D0C-482D-BC9A-F0203C792EB2}.Debug|Any CPU.ActiveCfg = Debug|Any CPU
		{030883CC-9D0C-482D-BC9A-F0203C792EB2}.Debug|Any CPU.Build.0 = Debug|Any CPU
		{030883CC-9D0C-482D-BC9A-F0203C792EB2}.Release|Any CPU.ActiveCfg = Release|Any CPU
		{030883CC-9D0C-482D-BC9A-F0203C792EB2}.Release|Any CPU.Build.0 = Release|Any CPU
		{6C51CDA4-BBAC-4808-91E4-6CDF5012FAAA}.Debug|Any CPU.ActiveCfg = Debug|Any CPU
		{6C51CDA4-BBAC-4808-91E4-6CDF5012FAAA}.Debug|Any CPU.Build.0 = Debug|Any CPU
		{6C51CDA4-BBAC-4808-91E4-6CDF5012FAAA}.Release|Any CPU.ActiveCfg = Release|Any CPU
		{6C51CDA4-BBAC-4808-91E4-6CDF5012FAAA}.Release|Any CPU.Build.0 = Release|Any CPU
		{A8282289-0F90-449A-995C-CDBAF8E704D3}.Debug|Any CPU.ActiveCfg = Debug|Any CPU
		{A8282289-0F90-449A-995C-CDBAF8E704D3}.Debug|Any CPU.Build.0 = Debug|Any CPU
		{A8282289-0F90-449A-995C-CDBAF8E704D3}.Release|Any CPU.ActiveCfg = Release|Any CPU
		{A8282289-0F90-449A-995C-CDBAF8E704D3}.Release|Any CPU.Build.0 = Release|Any CPU
		{A8F7C77A-6B53-4B17-B8BB-338A50F88630}.Debug|Any CPU.ActiveCfg = Debug|Any CPU
		{A8F7C77A-6B53-4B17-B8BB-338A50F88630}.Debug|Any CPU.Build.0 = Debug|Any CPU
		{A8F7C77A-6B53-4B17-B8BB-338A50F88630}.Release|Any CPU.ActiveCfg = Release|Any CPU
		{A8F7C77A-6B53-4B17-B8BB-338A50F88630}.Release|Any CPU.Build.0 = Release|Any CPU
	EndGlobalSection
	GlobalSection(SolutionProperties) = preSolution
		HideSolutionNode = FALSE
	EndGlobalSection
	GlobalSection(ExtensibilityGlobals) = postSolution
		SolutionGuid = {C067E105-F469-41F0-9E9C-CA3FB8433A66}
	EndGlobalSection
EndGlobal
